
Microsoft Visual Studio Solution File, Format Version 12.00
# Visual Studio Version 17
VisualStudioVersion = 17.9.34728.123
MinimumVisualStudioVersion = 10.0.40219.1
Project("{2150E333-8FDC-42A3-9474-1A3956D46DE8}") = "Core", "Core", "{E6AC2A01-48BB-4F22-BED6-E660F28E6A3B}"
EndProject
Project("{2150E333-8FDC-42A3-9474-1A3956D46DE8}") = "Infrastructure", "Infrastructure", "{84245FCE-E3DC-4DF5-8BDF-9BE0D3C3D0BF}"
EndProject
Project("{2150E333-8FDC-42A3-9474-1A3956D46DE8}") = "Presentation", "Presentation", "{C710D1FF-6D5E-4168-8A3F-F7F1A032F8EB}"
EndProject
Project("{9A19103F-16F7-4668-BE54-9A1E7A4F7556}") = "Integrativa.Domain", "Domain\Integrativa.Domain.csproj", "{4D2E1218-1EA3-43F7-A124-E81AD961AF90}"
EndProject
Project("{FAE04EC0-301F-11D3-BF4B-00C04F79EFBC}") = "Integrativa.Persistence", "Integrativa.Persistence\Integrativa.Persistence.csproj", "{325DFB29-2E84-4778-AF20-EB617C7471F9}"
EndProject
Project("{FAE04EC0-301F-11D3-BF4B-00C04F79EFBC}") = "Integrativa.Api", "Integrativa.Api\Integrativa.Api.csproj", "{EBCF0BC0-08CE-4955-8CAC-6F6DA2B0C1C7}"
EndProject
Global
	GlobalSection(SolutionConfigurationPlatforms) = preSolution
		Debug|Any CPU = Debug|Any CPU
		Release|Any CPU = Release|Any CPU
	EndGlobalSection
	GlobalSection(ProjectConfigurationPlatforms) = postSolution
		{4D2E1218-1EA3-43F7-A124-E81AD961AF90}.Debug|Any CPU.ActiveCfg = Debug|Any CPU
		{4D2E1218-1EA3-43F7-A124-E81AD961AF90}.Debug|Any CPU.Build.0 = Debug|Any CPU
		{4D2E1218-1EA3-43F7-A124-E81AD961AF90}.Release|Any CPU.ActiveCfg = Release|Any CPU
		{4D2E1218-1EA3-43F7-A124-E81AD961AF90}.Release|Any CPU.Build.0 = Release|Any CPU
		{325DFB29-2E84-4778-AF20-EB617C7471F9}.Debug|Any CPU.ActiveCfg = Debug|Any CPU
		{325DFB29-2E84-4778-AF20-EB617C7471F9}.Debug|Any CPU.Build.0 = Debug|Any CPU
		{325DFB29-2E84-4778-AF20-EB617C7471F9}.Release|Any CPU.ActiveCfg = Release|Any CPU
		{325DFB29-2E84-4778-AF20-EB617C7471F9}.Release|Any CPU.Build.0 = Release|Any CPU
		{EBCF0BC0-08CE-4955-8CAC-6F6DA2B0C1C7}.Debug|Any CPU.ActiveCfg = Debug|Any CPU
		{EBCF0BC0-08CE-4955-8CAC-6F6DA2B0C1C7}.Debug|Any CPU.Build.0 = Debug|Any CPU
		{EBCF0BC0-08CE-4955-8CAC-6F6DA2B0C1C7}.Release|Any CPU.ActiveCfg = Release|Any CPU
		{EBCF0BC0-08CE-4955-8CAC-6F6DA2B0C1C7}.Release|Any CPU.Build.0 = Release|Any CPU
	EndGlobalSection
	GlobalSection(SolutionProperties) = preSolution
		HideSolutionNode = FALSE
	EndGlobalSection
	GlobalSection(NestedProjects) = preSolution
		{4D2E1218-1EA3-43F7-A124-E81AD961AF90} = {E6AC2A01-48BB-4F22-BED6-E660F28E6A3B}
		{325DFB29-2E84-4778-AF20-EB617C7471F9} = {84245FCE-E3DC-4DF5-8BDF-9BE0D3C3D0BF}
		{EBCF0BC0-08CE-4955-8CAC-6F6DA2B0C1C7} = {C710D1FF-6D5E-4168-8A3F-F7F1A032F8EB}
	EndGlobalSection
	GlobalSection(ExtensibilityGlobals) = postSolution
		SolutionGuid = {C6AA94F8-B5D5-4395-B8CB-828F2BC62D44}
	EndGlobalSection
EndGlobal
